pip==25.1.1
PySide6==6.10.1
httpx==0.28.1
openpyxl==3.1.5
xlrd==2.0.1
python-dateutil==2.9.0.post0
platformdirs==4.3.8
cryptography==45.0.5
pywin32==310; sys_platform == "win32"
reportlab==4.4.2
pytest==8.4.1
pytest-cov==6.2.1
pytest-qt==4.5.0
mypy==1.17.0
ruff==0.12.3
types-python-dateutil==2.9.0.20250708
pyinstaller==6.14.2
setuptools==75.8.2
wheel==0.45.1
